// !$*UTF8*$!
{
	archiveVersion = 1;
	classes = {
	};
	objectVersion = 55;
	objects = {

/* Begin PBXBuildFile section */
		5B3211A127918FDB008D7C8D /* CameraSampleApp.swift in Sources */ = {isa = PBXBuildFile; fileRef = 5B3211A027918FDB008D7C8D /* CameraSampleApp.swift */; };
		5B3211A327918FDB008D7C8D /* ContentView.swift in Sources */ = {isa = PBXBuildFile; fileRef = 5B3211A227918FDB008D7C8D /* ContentView.swift */; };
		5B3211A527918FDD008D7C8D /* Assets.xcassets in Resources */ = {isa = PBXBuildFile; fileRef = 5B3211A427918FDD008D7C8D /* Assets.xcassets */; };
		5B3211A827918FDD008D7C8D /* Preview Assets.xcassets in Resources */ = {isa = PBXBuildFile; fileRef = 5B3211A727918FDD008D7C8D /* Preview Assets.xcassets */; };
		5B3211B227918FDD008D7C8D /* CameraSampleTests.swift in Sources */ = {isa = PBXBuildFile; fileRef = 5B3211B127918FDD008D7C8D /* CameraSampleTests.swift */; };
		5B3211BC27918FDD008D7C8D /* CameraSampleUITests.swift in Sources */ = {isa = PBXBuildFile; fileRef = 5B3211BB27918FDD008D7C8D /* CameraSampleUITests.swift */; };
		5B3211BE27918FDD008D7C8D /* CameraSampleUITestsLaunchTests.swift in Sources */ = {isa = PBXBuildFile; fileRef = 5B3211BD27918FDD008D7C8D /* CameraSampleUITestsLaunchTests.swift */; };
		5B3211CB27919DF4008D7C8D /* CameraManager.swift in Sources */ = {isa = PBXBuildFile; fileRef = 5B3211CA27919DF4008D7C8D /* CameraManager.swift */; };
		5B3211CD2791AC42008D7C8D /* FrameManager.swift in Sources */ = {isa = PBXBuildFile; fileRef = 5B3211CC2791AC42008D7C8D /* FrameManager.swift */; };
		5B3211CF2791AD1E008D7C8D /* ContentViewModel.swift in Sources */ = {isa = PBXBuildFile; fileRef = 5B3211CE2791AD1E008D7C8D /* ContentViewModel.swift */; };
		5B8E6A332793E0700044A144 /* FrameView.swift in Sources */ = {isa = PBXBuildFile; fileRef = 5B8E6A322793E0700044A144 /* FrameView.swift */; };
/* End PBXBuildFile section */

/* Begin PBXContainerItemProxy section */
		5B3211AE27918FDD008D7C8D /* PBXContainerItemProxy */ = {
			isa = PBXContainerItemProxy;
			containerPortal = 5B32119527918FDB008D7C8D /* Project object */;
			proxyType = 1;
			remoteGlobalIDString = 5B32119C27918FDB008D7C8D;
			remoteInfo = CameraSample;
		};
		5B3211B827918FDD008D7C8D /* PBXContainerItemProxy */ = {
			isa = PBXContainerItemProxy;
			containerPortal = 5B32119527918FDB008D7C8D /* Project object */;
			proxyType = 1;
			remoteGlobalIDString = 5B32119C27918FDB008D7C8D;
			remoteInfo = CameraSample;
		};
/* End PBXContainerItemProxy section */

/* Begin PBXFileReference section */
		5B32119D27918FDB008D7C8D /* CameraSample.app */ = {isa = PBXFileReference; explicitFileType = wrapper.application; includeInIndex = 0; path = CameraSample.app; sourceTree = BUILT_PRODUCTS_DIR; };
		5B3211A027918FDB008D7C8D /* CameraSampleApp.swift */ = {isa = PBXFileReference; lastKnownFileType = sourcecode.swift; path = CameraSampleApp.swift; sourceTree = "<group>"; };
		5B3211A227918FDB008D7C8D /* ContentView.swift */ = {isa = PBXFileReference; lastKnownFileType = sourcecode.swift; path = ContentView.swift; sourceTree = "<group>"; };
		5B3211A427918FDD008D7C8D /* Assets.xcassets */ = {isa = PBXFileReference; lastKnownFileType = folder.assetcatalog; path = Assets.xcassets; sourceTree = "<group>"; };
		5B3211A727918FDD008D7C8D /* Preview Assets.xcassets */ = {isa = PBXFileReference; lastKnownFileType = folder.assetcatalog; path = "Preview Assets.xcassets"; sourceTree = "<group>"; };
		5B3211AD27918FDD008D7C8D /* CameraSampleTests.xctest */ = {isa = PBXFileReference; explicitFileType = wrapper.cfbundle; includeInIndex = 0; path = CameraSampleTests.xctest; sourceTree = BUILT_PRODUCTS_DIR; };
		5B3211B127918FDD008D7C8D /* CameraSampleTests.swift */ = {isa = PBXFileReference; lastKnownFileType = sourcecode.swift; path = CameraSampleTests.swift; sourceTree = "<group>"; };
		5B3211B727918FDD008D7C8D /* CameraSampleUITests.xctest */ = {isa = PBXFileReference; explicitFileType = wrapper.cfbundle; includeInIndex = 0; path = CameraSampleUITests.xctest; sourceTree = BUILT_PRODUCTS_DIR; };
		5B3211BB27918FDD008D7C8D /* CameraSampleUITests.swift */ = {isa = PBXFileReference; lastKnownFileType = sourcecode.swift; path = CameraSampleUITests.swift; sourceTree = "<group>"; };
		5B3211BD27918FDD008D7C8D /* CameraSampleUITestsLaunchTests.swift */ = {isa = PBXFileReference; lastKnownFileType = sourcecode.swift; path = CameraSampleUITestsLaunchTests.swift; sourceTree = "<group>"; };
		5B3211CA27919DF4008D7C8D /* CameraManager.swift */ = {isa = PBXFileReference; lastKnownFileType = sourcecode.swift; path = CameraManager.swift; sourceTree = "<group>"; };
		5B3211CC2791AC42008D7C8D /* FrameManager.swift */ = {isa = PBXFileReference; lastKnownFileType = sourcecode.swift; path = FrameManager.swift; sourceTree = "<group>"; };
		5B3211CE2791AD1E008D7C8D /* ContentViewModel.swift */ = {isa = PBXFileReference; lastKnownFileType = sourcecode.swift; path = ContentViewModel.swift; sourceTree = "<group>"; };
		5B8E6A322793E0700044A144 /* FrameView.swift */ = {isa = PBXFileReference; lastKnownFileType = sourcecode.swift; path = FrameView.swift; sourceTree = "<group>"; };
/* End PBXFileReference section */

/* Begin PBXFrameworksBuildPhase section */
		5B32119A27918FDB008D7C8D /* Frameworks */ = {
			isa = PBXFrameworksBuildPhase;
			buildActionMask = 2147483647;
			files = (
			);
			runOnlyForDeploymentPostprocessing = 0;
		};
		5B3211AA27918FDD008D7C8D /* Frameworks */ = {
			isa = PBXFrameworksBuildPhase;
			buildActionMask = 2147483647;
			files = (
			);
			runOnlyForDeploymentPostprocessing = 0;
		};
		5B3211B427918FDD008D7C8D /* Frameworks */ = {
			isa = PBXFrameworksBuildPhase;
			buildActionMask = 2147483647;
			files = (
			);
			runOnlyForDeploymentPostprocessing = 0;
		};
/* End PBXFrameworksBuildPhase section */

/* Begin PBXGroup section */
		5B32119427918FDB008D7C8D = {
			isa = PBXGroup;
			children = (
				5B32119F27918FDB008D7C8D /* CameraSample */,
				5B3211B027918FDD008D7C8D /* CameraSampleTests */,
				5B3211BA27918FDD008D7C8D /* CameraSampleUITests */,
				5B32119E27918FDB008D7C8D /* Products */,
			);
			sourceTree = "<group>";
		};
		5B32119E27918FDB008D7C8D /* Products */ = {
			isa = PBXGroup;
			children = (
				5B32119D27918FDB008D7C8D /* CameraSample.app */,
				5B3211AD27918FDD008D7C8D /* CameraSampleTests.xctest */,
				5B3211B727918FDD008D7C8D /* CameraSampleUITests.xctest */,
			);
			name = Products;
			sourceTree = "<group>";
		};
		5B32119F27918FDB008D7C8D /* CameraSample */ = {
			isa = PBXGroup;
			children = (
				5B3211A027918FDB008D7C8D /* CameraSampleApp.swift */,
				5B3211A227918FDB008D7C8D /* ContentView.swift */,
				5B3211A427918FDD008D7C8D /* Assets.xcassets */,
				5B3211A627918FDD008D7C8D /* Preview Content */,
				5B3211CA27919DF4008D7C8D /* CameraManager.swift */,
				5B3211CC2791AC42008D7C8D /* FrameManager.swift */,
				5B3211CE2791AD1E008D7C8D /* ContentViewModel.swift */,
				5B8E6A322793E0700044A144 /* FrameView.swift */,
			);
			path = CameraSample;
			sourceTree = "<group>";
		};
		5B3211A627918FDD008D7C8D /* Preview Content */ = {
			isa = PBXGroup;
			children = (
				5B3211A727918FDD008D7C8D /* Preview Assets.xcassets */,
			);
			path = "Preview Content";
			sourceTree = "<group>";
		};
		5B3211B027918FDD008D7C8D /* CameraSampleTests */ = {
			isa = PBXGroup;
			children = (
				5B3211B127918FDD008D7C8D /* CameraSampleTests.swift */,
			);
			path = CameraSampleTests;
			sourceTree = "<group>";
		};
		5B3211BA27918FDD008D7C8D /* CameraSampleUITests */ = {
			isa = PBXGroup;
			children = (
				5B3211BB27918FDD008D7C8D /* CameraSampleUITests.swift */,
				5B3211BD27918FDD008D7C8D /* CameraSampleUITestsLaunchTests.swift */,
			);
			path = CameraSampleUITests;
			sourceTree = "<group>";
		};
/* End PBXGroup section */

/* Begin PBXNativeTarget section */
		5B32119C27918FDB008D7C8D /* CameraSample */ = {
			isa = PBXNativeTarget;
			buildConfigurationList = 5B3211C127918FDD008D7C8D /* Build configuration list for PBXNativeTarget "CameraSample" */;
			buildPhases = (
				5B32119927918FDB008D7C8D /* Sources */,
				5B32119A27918FDB008D7C8D /* Frameworks */,
				5B32119B27918FDB008D7C8D /* Resources */,
			);
			buildRules = (
			);
			dependencies = (
			);
			name = CameraSample;
			productName = CameraSample;
			productReference = 5B32119D27918FDB008D7C8D /* CameraSample.app */;
			productType = "com.apple.product-type.application";
		};
		5B3211AC27918FDD008D7C8D /* CameraSampleTests */ = {
			isa = PBXNativeTarget;
			buildConfigurationList = 5B3211C427918FDD008D7C8D /* Build configuration list for PBXNativeTarget "CameraSampleTests" */;
			buildPhases = (
				5B3211A927918FDD008D7C8D /* Sources */,
				5B3211AA27918FDD008D7C8D /* Frameworks */,
				5B3211AB27918FDD008D7C8D /* Resources */,
			);
			buildRules = (
			);
			dependencies = (
				5B3211AF27918FDD008D7C8D /* PBXTargetDependency */,
			);
			name = CameraSampleTests;
			productName = CameraSampleTests;
			productReference = 5B3211AD27918FDD008D7C8D /* CameraSampleTests.xctest */;
			productType = "com.apple.product-type.bundle.unit-test";
		};
		5B3211B627918FDD008D7C8D /* CameraSampleUITests */ = {
			isa = PBXNativeTarget;
			buildConfigurationList = 5B3211C727918FDD008D7C8D /* Build configuration list for PBXNativeTarget "CameraSampleUITests" */;
			buildPhases = (
				5B3211B327918FDD008D7C8D /* Sources */,
				5B3211B427918FDD008D7C8D /* Frameworks */,
				5B3211B527918FDD008D7C8D /* Resources */,
			);
			buildRules = (
			);
			dependencies = (
				5B3211B927918FDD008D7C8D /* PBXTargetDependency */,
			);
			name = CameraSampleUITests;
			productName = CameraSampleUITests;
			productReference = 5B3211B727918FDD008D7C8D /* CameraSampleUITests.xctest */;
			productType = "com.apple.product-type.bundle.ui-testing";
		};
/* End PBXNativeTarget section */

/* Begin PBXProject section */
		5B32119527918FDB008D7C8D /* Project object */ = {
			isa = PBXProject;
			attributes = {
				BuildIndependentTargetsInParallel = 1;
				LastSwiftUpdateCheck = 1320;
				LastUpgradeCheck = 1320;
				TargetAttributes = {
					5B32119C27918FDB008D7C8D = {
						CreatedOnToolsVersion = 13.2.1;
					};
					5B3211AC27918FDD008D7C8D = {
						CreatedOnToolsVersion = 13.2.1;
						TestTargetID = 5B32119C27918FDB008D7C8D;
					};
					5B3211B627918FDD008D7C8D = {
						CreatedOnToolsVersion = 13.2.1;
						TestTargetID = 5B32119C27918FDB008D7C8D;
					};
				};
			};
			buildConfigurationList = 5B32119827918FDB008D7C8D /* Build configuration list for PBXProject "CameraSample" */;
			compatibilityVersion = "Xcode 13.0";
			developmentRegion = en;
			hasScannedForEncodings = 0;
			knownRegions = (
				en,
				Base,
			);
			mainGroup = 5B32119427918FDB008D7C8D;
			productRefGroup = 5B32119E27918FDB008D7C8D /* Products */;
			projectDirPath = "";
			projectRoot = "";
			targets = (
				5B32119C27918FDB008D7C8D /* CameraSample */,
				5B3211AC27918FDD008D7C8D /* CameraSampleTests */,
				5B3211B627918FDD008D7C8D /* CameraSampleUITests */,
			);
		};
/* End PBXProject section */

/* Begin PBXResourcesBuildPhase section */
		5B32119B27918FDB008D7C8D /* Resources */ = {
			isa = PBXResourcesBuildPhase;
			buildActionMask = 2147483647;
			files = (
				5B3211A827918FDD008D7C8D /* Preview Assets.xcassets in Resources */,
				5B3211A527918FDD008D7C8D /* Assets.xcassets in Resources */,
			);
			runOnlyForDeploymentPostprocessing = 0;
		};
		5B3211AB27918FDD008D7C8D /* Resources */ = {
			isa = PBXResourcesBuildPhase;
			buildActionMask = 2147483647;
			files = (
			);
			runOnlyForDeploymentPostprocessing = 0;
		};
		5B3211B527918FDD008D7C8D /* Resources */ = {
			isa = PBXResourcesBuildPhase;
			buildActionMask = 2147483647;
			files = (
			);
			runOnlyForDeploymentPostprocessing = 0;
		};
/* End PBXResourcesBuildPhase section */

/* Begin PBXSourcesBuildPhase section */
		5B32119927918FDB008D7C8D /* Sources */ = {
			isa = PBXSourcesBuildPhase;
			buildActionMask = 2147483647;
			files = (
				5B8E6A332793E0700044A144 /* FrameView.swift in Sources */,
				5B3211A327918FDB008D7C8D /* ContentView.swift in Sources */,
				5B3211CB27919DF4008D7C8D /* CameraManager.swift in Sources */,
				5B3211A127918FDB008D7C8D /* CameraSampleApp.swift in Sources */,
				5B3211CD2791AC42008D7C8D /* FrameManager.swift in Sources */,
				5B3211CF2791AD1E008D7C8D /* ContentViewModel.swift in Sources */,
			);
			runOnlyForDeploymentPostprocessing = 0;
		};
		5B3211A927918FDD008D7C8D /* Sources */ = {
			isa = PBXSourcesBuildPhase;
			buildActionMask = 2147483647;
			files = (
				5B3211B227918FDD008D7C8D /* CameraSampleTests.swift in Sources */,
			);
			runOnlyForDeploymentPostprocessing = 0;
		};
		5B3211B327918FDD008D7C8D /* Sources */ = {
			isa = PBXSourcesBuildPhase;
			buildActionMask = 2147483647;
			files = (
				5B3211BC27918FDD008D7C8D /* CameraSampleUITests.swift in Sources */,
				5B3211BE27918FDD008D7C8D /* CameraSampleUITestsLaunchTests.swift in Sources */,
			);
			runOnlyForDeploymentPostprocessing = 0;
		};
/* End PBXSourcesBuildPhase section */

/* Begin PBXTargetDependency section */
		5B3211AF27918FDD008D7C8D /* PBXTargetDependency */ = {
			isa = PBXTargetDependency;
			target = 5B32119C27918FDB008D7C8D /* CameraSample */;
			targetProxy = 5B3211AE27918FDD008D7C8D /* PBXContainerItemProxy */;
		};
		5B3211B927918FDD008D7C8D /* PBXTargetDependency */ = {
			isa = PBXTargetDependency;
			target = 5B32119C27918FDB008D7C8D /* CameraSample */;
			targetProxy = 5B3211B827918FDD008D7C8D /* PBXContainerItemProxy */;
		};
/* End PBXTargetDependency section */

/* Begin XCBuildConfiguration section */
		5B3211BF27918FDD008D7C8D /* Debug */ = {
			isa = XCBuildConfiguration;
			buildSettings = {
				ALWAYS_SEARCH_USER_PATHS = NO;
				CLANG_ANALYZER_NONNULL = YES;
				CLANG_ANALYZER_NUMBER_OBJECT_CONVERSION = YES_AGGRESSIVE;
				CLANG_CXX_LANGUAGE_STANDARD = "gnu++17";
				CLANG_CXX_LIBRARY = "libc++";
				CLANG_ENABLE_MODULES = YES;
				CLANG_ENABLE_OBJC_ARC = YES;
				CLANG_ENABLE_OBJC_WEAK = YES;
				CLANG_WARN_BLOCK_CAPTURE_AUTORELEASING = YES;
				CLANG_WARN_BOOL_CONVERSION = YES;
				CLANG_WARN_COMMA = YES;
				CLANG_WARN_CONSTANT_CONVERSION = YES;
				CLANG_WARN_DEPRECATED_OBJC_IMPLEMENTATIONS = YES;
				CLANG_WARN_DIRECT_OBJC_ISA_USAGE = YES_ERROR;
				CLANG_WARN_DOCUMENTATION_COMMENTS = YES;
				CLANG_WARN_EMPTY_BODY = YES;
				CLANG_WARN_ENUM_CONVERSION = YES;
				CLANG_WARN_INFINITE_RECURSION = YES;
				CLANG_WARN_INT_CONVERSION = YES;
				CLANG_WARN_NON_LITERAL_NULL_CONVERSION = YES;
				CLANG_WARN_OBJC_IMPLICIT_RETAIN_SELF = YES;
				CLANG_WARN_OBJC_LITERAL_CONVERSION = YES;
				CLANG_WARN_OBJC_ROOT_CLASS = YES_ERROR;
				CLANG_WARN_QUOTED_INCLUDE_IN_FRAMEWORK_HEADER = YES;
				CLANG_WARN_RANGE_LOOP_ANALYSIS = YES;
				CLANG_WARN_STRICT_PROTOTYPES = YES;
				CLANG_WARN_SUSPICIOUS_MOVE = YES;
				CLANG_WARN_UNGUARDED_AVAILABILITY = YES_AGGRESSIVE;
				CLANG_WARN_UNREACHABLE_CODE = YES;
				CLANG_WARN__DUPLICATE_METHOD_MATCH = YES;
				COPY_PHASE_STRIP = NO;
				DEBUG_INFORMATION_FORMAT = dwarf;
				ENABLE_STRICT_OBJC_MSGSEND = YES;
				ENABLE_TESTABILITY = YES;
				GCC_C_LANGUAGE_STANDARD = gnu11;
				GCC_DYNAMIC_NO_PIC = NO;
				GCC_NO_COMMON_BLOCKS = YES;
				GCC_OPTIMIZATION_LEVEL = 0;
				GCC_PREPROCESSOR_DEFINITIONS = (
					"DEBUG=1",
					"$(inherited)",
				);
				GCC_WARN_64_TO_32_BIT_CONVERSION = YES;
				GCC_WARN_ABOUT_RETURN_TYPE = YES_ERROR;
				GCC_WARN_UNDECLARED_SELECTOR = YES;
				GCC_WARN_UNINITIALIZED_AUTOS = YES_AGGRESSIVE;
				GCC_WARN_UNUSED_FUNCTION = YES;
				GCC_WARN_UNUSED_VARIABLE = YES;
				IPHONEOS_DEPLOYMENT_TARGET = 15.2;
				MTL_ENABLE_DEBUG_INFO = INCLUDE_SOURCE;
				MTL_FAST_MATH = YES;
				ONLY_ACTIVE_ARCH = YES;
				SDKROOT = iphoneos;
				SWIFT_ACTIVE_COMPILATION_CONDITIONS = DEBUG;
				SWIFT_OPTIMIZATION_LEVEL = "-Onone";
			};
			name = Debug;
		};
		5B3211C027918FDD008D7C8D /* Release */ = {
			isa = XCBuildConfiguration;
			buildSettings = {
				ALWAYS_SEARCH_USER_PATHS = NO;
				CLANG_ANALYZER_NONNULL = YES;
				CLANG_ANALYZER_NUMBER_OBJECT_CONVERSION = YES_AGGRESSIVE;
				CLANG_CXX_LANGUAGE_STANDARD = "gnu++17";
				CLANG_CXX_LIBRARY = "libc++";
				CLANG_ENABLE_MODULES = YES;
				CLANG_ENABLE_OBJC_ARC = YES;
				CLANG_ENABLE_OBJC_WEAK = YES;
				CLANG_WARN_BLOCK_CAPTURE_AUTORELEASING = YES;
				CLANG_WARN_BOOL_CONVERSION = YES;
				CLANG_WARN_COMMA = YES;
				CLANG_WARN_CONSTANT_CONVERSION = YES;
				CLANG_WARN_DEPRECATED_OBJC_IMPLEMENTATIONS = YES;
				CLANG_WARN_DIRECT_OBJC_ISA_USAGE = YES_ERROR;
				CLANG_WARN_DOCUMENTATION_COMMENTS = YES;
				CLANG_WARN_EMPTY_BODY = YES;
				CLANG_WARN_ENUM_CONVERSION = YES;
				CLANG_WARN_INFINITE_RECURSION = YES;
				CLANG_WARN_INT_CONVERSION = YES;
				CLANG_WARN_NON_LITERAL_NULL_CONVERSION = YES;
				CLANG_WARN_OBJC_IMPLICIT_RETAIN_SELF = YES;
				CLANG_WARN_OBJC_LITERAL_CONVERSION = YES;
				CLANG_WARN_OBJC_ROOT_CLASS = YES_ERROR;
				CLANG_WARN_QUOTED_INCLUDE_IN_FRAMEWORK_HEADER = YES;
				CLANG_WARN_RANGE_LOOP_ANALYSIS = YES;
				CLANG_WARN_STRICT_PROTOTYPES = YES;
				CLANG_WARN_SUSPICIOUS_MOVE = YES;
				CLANG_WARN_UNGUARDED_AVAILABILITY = YES_AGGRESSIVE;
				CLANG_WARN_UNREACHABLE_CODE = YES;
				CLANG_WARN__DUPLICATE_METHOD_MATCH = YES;
				COPY_PHASE_STRIP = NO;
				DEBUG_INFORMATION_FORMAT = "dwarf-with-dsym";
				ENABLE_NS_ASSERTIONS = NO;
				ENABLE_STRICT_OBJC_MSGSEND = YES;
				GCC_C_LANGUAGE_STANDARD = gnu11;
				GCC_NO_COMMON_BLOCKS = YES;
				GCC_WARN_64_TO_32_BIT_CONVERSION = YES;
				GCC_WARN_ABOUT_RETURN_TYPE = YES_ERROR;
				GCC_WARN_UNDECLARED_SELECTOR = YES;
				GCC_WARN_UNINITIALIZED_AUTOS = YES_AGGRESSIVE;
				GCC_WARN_UNUSED_FUNCTION = YES;
				GCC_WARN_UNUSED_VARIABLE = YES;
				IPHONEOS_DEPLOYMENT_TARGET = 15.2;
				MTL_ENABLE_DEBUG_INFO = NO;
				MTL_FAST_MATH = YES;
				SDKROOT = iphoneos;
				SWIFT_COMPILATION_MODE = wholemodule;
				SWIFT_OPTIMIZATION_LEVEL = "-O";
				VALIDATE_PRODUCT = YES;
			};
			name = Release;
		};
		5B3211C227918FDD008D7C8D /* Debug */ = {
			isa = XCBuildConfiguration;
			buildSettings = {
				ASSETCATALOG_COMPILER_APPICON_NAME = AppIcon;
				ASSETCATALOG_COMPILER_GLOBAL_ACCENT_COLOR_NAME = AccentColor;
				CODE_SIGN_STYLE = Automatic;
				CURRENT_PROJECT_VERSION = 1;
				DEVELOPMENT_ASSET_PATHS = "\"CameraSample/Preview Content\"";
				DEVELOPMENT_TEAM = M83ARHJRW9;
				ENABLE_PREVIEWS = YES;
				GENERATE_INFOPLIST_FILE = YES;
				INFOPLIST_KEY_NSCameraUsageDescription = "사진 촬영을 위한 카메라 사용 권한";
				INFOPLIST_KEY_UIApplicationSceneManifest_Generation = YES;
				INFOPLIST_KEY_UIApplicationSupportsIndirectInputEvents = YES;
				INFOPLIST_KEY_UILaunchScreen_Generation = YES;
				INFOPLIST_KEY_UISupportedInterfaceOrientations_iPad = "UIInterfaceOrientationPortrait UIInterfaceOrientationPortraitUpsideDown UIInterfaceOrientationLandscapeLeft UIInterfaceOrientationLandscapeRight";
				INFOPLIST_KEY_UISupportedInterfaceOrientations_iPhone = "UIInterfaceOrientationPortrait UIInterfaceOrientationLandscapeLeft UIInterfaceOrientationLandscapeRight";
				LD_RUNPATH_SEARCH_PATHS = (
					"$(inherited)",
					"@executable_path/Frameworks",
				);
				MARKETING_VERSION = 1.0;
				PRODUCT_BUNDLE_IDENTIFIER = is.cra1nbow.CameraSample;
				PRODUCT_NAME = "$(TARGET_NAME)";
				SWIFT_EMIT_LOC_STRINGS = YES;
				SWIFT_VERSION = 5.0;
				TARGETED_DEVICE_FAMILY = "1,2";
			};
			name = Debug;
		};
		5B3211C327918FDD008D7C8D /* Release */ = {
			isa = XCBuildConfiguration;
			buildSettings = {
				ASSETCATALOG_COMPILER_APPICON_NAME = AppIcon;
				ASSETCATALOG_COMPILER_GLOBAL_ACCENT_COLOR_NAME = AccentColor;
				CODE_SIGN_STYLE = Automatic;
				CURRENT_PROJECT_VERSION = 1;
				DEVELOPMENT_ASSET_PATHS = "\"CameraSample/Preview Content\"";
				DEVELOPMENT_TEAM = M83ARHJRW9;
				ENABLE_PREVIEWS = YES;
				GENERATE_INFOPLIST_FILE = YES;
				INFOPLIST_KEY_NSCameraUsageDescription = "사진 촬영을 위한 카메라 사용 권한";
				INFOPLIST_KEY_UIApplicationSceneManifest_Generation = YES;
				INFOPLIST_KEY_UIApplicationSupportsIndirectInputEvents = YES;
				INFOPLIST_KEY_UILaunchScreen_Generation = YES;
				INFOPLIST_KEY_UISupportedInterfaceOrientations_iPad = "UIInterfaceOrientationPortrait UIInterfaceOrientationPortraitUpsideDown UIInterfaceOrientationLandscapeLeft UIInterfaceOrientationLandscapeRight";
				INFOPLIST_KEY_UISupportedInterfaceOrientations_iPhone = "UIInterfaceOrientationPortrait UIInterfaceOrientationLandscapeLeft UIInterfaceOrientationLandscapeRight";
				LD_RUNPATH_SEARCH_PATHS = (
					"$(inherited)",
					"@executable_path/Frameworks",
				);
				MARKETING_VERSION = 1.0;
				PRODUCT_BUNDLE_IDENTIFIER = is.cra1nbow.CameraSample;
				PRODUCT_NAME = "$(TARGET_NAME)";
				SWIFT_EMIT_LOC_STRINGS = YES;
				SWIFT_VERSION = 5.0;
				TARGETED_DEVICE_FAMILY = "1,2";
			};
			name = Release;
		};
		5B3211C527918FDD008D7C8D /* Debug */ = {
			isa = XCBuildConfiguration;
			buildSettings = {
				ALWAYS_EMBED_SWIFT_STANDARD_LIBRARIES = YES;
				BUNDLE_LOADER = "$(TEST_HOST)";
				CODE_SIGN_STYLE = Automatic;
				CURRENT_PROJECT_VERSION = 1;
				DEVELOPMENT_TEAM = M83ARHJRW9;
				GENERATE_INFOPLIST_FILE = YES;
				IPHONEOS_DEPLOYMENT_TARGET = 15.2;
				MARKETING_VERSION = 1.0;
				PRODUCT_BUNDLE_IDENTIFIER = is.cra1nbow.CameraSampleTests;
				PRODUCT_NAME = "$(TARGET_NAME)";
				SWIFT_EMIT_LOC_STRINGS = NO;
				SWIFT_VERSION = 5.0;
				TARGETED_DEVICE_FAMILY = "1,2";
				TEST_HOST = "$(BUILT_PRODUCTS_DIR)/CameraSample.app/CameraSample";
			};
			name = Debug;
		};
		5B3211C627918FDD008D7C8D /* Release */ = {
			isa = XCBuildConfiguration;
			buildSettings = {
				ALWAYS_EMBED_SWIFT_STANDARD_LIBRARIES = YES;
				BUNDLE_LOADER = "$(TEST_HOST)";
				CODE_SIGN_STYLE = Automatic;
				CURRENT_PROJECT_VERSION = 1;
				DEVELOPMENT_TEAM = M83ARHJRW9;
				GENERATE_INFOPLIST_FILE = YES;
				IPHONEOS_DEPLOYMENT_TARGET = 15.2;
				MARKETING_VERSION = 1.0;
				PRODUCT_BUNDLE_IDENTIFIER = is.cra1nbow.CameraSampleTests;
				PRODUCT_NAME = "$(TARGET_NAME)";
				SWIFT_EMIT_LOC_STRINGS = NO;
				SWIFT_VERSION = 5.0;
				TARGETED_DEVICE_FAMILY = "1,2";
				TEST_HOST = "$(BUILT_PRODUCTS_DIR)/CameraSample.app/CameraSample";
			};
			name = Release;
		};
		5B3211C827918FDD008D7C8D /* Debug */ = {
			isa = XCBuildConfiguration;
			buildSettings = {
				ALWAYS_EMBED_SWIFT_STANDARD_LIBRARIES = YES;
				CODE_SIGN_STYLE = Automatic;
				CURRENT_PROJECT_VERSION = 1;
				DEVELOPMENT_TEAM = M83ARHJRW9;
				GENERATE_INFOPLIST_FILE = YES;
				MARKETING_VERSION = 1.0;
				PRODUCT_BUNDLE_IDENTIFIER = is.cra1nbow.CameraSampleUITests;
				PRODUCT_NAME = "$(TARGET_NAME)";
				SWIFT_EMIT_LOC_STRINGS = NO;
				SWIFT_VERSION = 5.0;
				TARGETED_DEVICE_FAMILY = "1,2";
				TEST_TARGET_NAME = CameraSample;
			};
			name = Debug;
		};
		5B3211C927918FDD008D7C8D /* Release */ = {
			isa = XCBuildConfiguration;
			buildSettings = {
				ALWAYS_EMBED_SWIFT_STANDARD_LIBRARIES = YES;
				CODE_SIGN_STYLE = Automatic;
				CURRENT_PROJECT_VERSION = 1;
				DEVELOPMENT_TEAM = M83ARHJRW9;
				GENERATE_INFOPLIST_FILE = YES;
				MARKETING_VERSION = 1.0;
				PRODUCT_BUNDLE_IDENTIFIER = is.cra1nbow.CameraSampleUITests;
				PRODUCT_NAME = "$(TARGET_NAME)";
				SWIFT_EMIT_LOC_STRINGS = NO;
				SWIFT_VERSION = 5.0;
				TARGETED_DEVICE_FAMILY = "1,2";
				TEST_TARGET_NAME = CameraSample;
			};
			name = Release;
		};
/* End XCBuildConfiguration section */

/* Begin XCConfigurationList section */
		5B32119827918FDB008D7C8D /* Build configuration list for PBXProject "CameraSample" */ = {
			isa = XCConfigurationList;
			buildConfigurations = (
				5B3211BF27918FDD008D7C8D /* Debug */,
				5B3211C027918FDD008D7C8D /* Release */,
			);
			defaultConfigurationIsVisible = 0;
			defaultConfigurationName = Release;
		};
		5B3211C127918FDD008D7C8D /* Build configuration list for PBXNativeTarget "CameraSample" */ = {
			isa = XCConfigurationList;
			buildConfigurations = (
				5B3211C227918FDD008D7C8D /* Debug */,
				5B3211C327918FDD008D7C8D /* Release */,
			);
			defaultConfigurationIsVisible = 0;
			defaultConfigurationName = Release;
		};
		5B3211C427918FDD008D7C8D /* Build configuration list for PBXNativeTarget "CameraSampleTests" */ = {
			isa = XCConfigurationList;
			buildConfigurations = (
				5B3211C527918FDD008D7C8D /* Debug */,
				5B3211C627918FDD008D7C8D /* Release */,
			);
			defaultConfigurationIsVisible = 0;
			defaultConfigurationName = Release;
		};
		5B3211C727918FDD008D7C8D /* Build configuration list for PBXNativeTarget "CameraSampleUITests" */ = {
			isa = XCConfigurationList;
			buildConfigurations = (
				5B3211C827918FDD008D7C8D /* Debug */,
				5B3211C927918FDD008D7C8D /* Release */,
			);
			defaultConfigurationIsVisible = 0;
			defaultConfigurationName = Release;
		};
/* End XCConfigurationList section */
	};
	rootObject = 5B32119527918FDB008D7C8D /* Project object */;
}
